
Microsoft Visual Studio Solution File, Format Version 12.00
# Visual Studio 14
VisualStudioVersion = 14.0.25420.1
MinimumVisualStudioVersion = 10.0.40219.1
Project("{FAE04EC0-301F-11D3-BF4B-00C04F79EFBC}") = "VirtualApps", "VirtualApps\VirtualApps.csproj", "{A034F7C0-9462-4859-B074-6E7DF03AC2AE}"
EndProject
Project("{FAE04EC0-301F-11D3-BF4B-00C04F79EFBC}") = "VirtualAppEngine", "VirtualAppEngine\VirtualAppEngine.csproj", "{A95F5B4E-21E3-4259-9C9A-C13A471A6D6F}"
EndProject
Global
	GlobalSection(SolutionConfigurationPlatforms) = preSolution
		Debug|Any CPU = Debug|Any CPU
		Release|Any CPU = Release|Any CPU
	EndGlobalSection
	GlobalSection(ProjectConfigurationPlatforms) = postSolution
		{A034F7C0-9462-4859-B074-6E7DF03AC2AE}.Debug|Any CPU.ActiveCfg = Debug|Any CPU
		{A034F7C0-9462-4859-B074-6E7DF03AC2AE}.Debug|Any CPU.Build.0 = Debug|Any CPU
		{A034F7C0-9462-4859-B074-6E7DF03AC2AE}.Release|Any CPU.ActiveCfg = Release|Any CPU
		{A034F7C0-9462-4859-B074-6E7DF03AC2AE}.Release|Any CPU.Build.0 = Release|Any CPU
		{A95F5B4E-21E3-4259-9C9A-C13A471A6D6F}.Debug|Any CPU.ActiveCfg = Debug|Any CPU
		{A95F5B4E-21E3-4259-9C9A-C13A471A6D6F}.Debug|Any CPU.Build.0 = Debug|Any CPU
		{A95F5B4E-21E3-4259-9C9A-C13A471A6D6F}.Release|Any CPU.ActiveCfg = Release|Any CPU
		{A95F5B4E-21E3-4259-9C9A-C13A471A6D6F}.Release|Any CPU.Build.0 = Release|Any CPU
	EndGlobalSection
	GlobalSection(SolutionProperties) = preSolution
		HideSolutionNode = FALSE
	EndGlobalSection
EndGlobal
